version = 1
revision = 3
requires-python = "==3.11.*"
resolution-markers = [
    "platform_machine == 'x86_64' and sys_platform == 'linux'",
]
supported-markers = [
    "platform_machine == 'x86_64' and sys_platform == 'linux'",
]

[[package]]
name = "av"
version = "17.0.1"
source = { registry = "https://pypi.org/simple" }
sdist = { url = "https://files.pythonhosted.org/packages/4e/f0/8c8dca97ae0cf00e8e2a53bb5cb9aca5fd484f585ef3e9b412200aff3ebd/av-17.0.1.tar.gz", hash = "sha256:fbcbd4aa43bca6a8691816283112d1659a27f407bbeb66d1397023691339f5d4", size = 4411938, upload-time = "2026-04-18T17:12:34.29Z" }
wheels = [
    { url = "https://files.pythonhosted.org/packages/02/28/167b291356c2cc315a2d62a95b0ceace72b5b0bf547de30b89313110f032/av-17.0.1-cp311-abi3-manylinux_2_28_x86_64.whl", hash = "sha256:c58c71bffd9383908c85695ac61d3184c668accb04a5bd1b262e0fb8d09f60a5", size = 36345295, upload-time = "2026-04-18T17:11:59.125Z" },
    { url = "https://files.pythonhosted.org/packages/ba/bd/776046f27093aef80155a204ca7d82a887ae4ee72ba4ef8411b46ea7898c/av-17.0.1-cp311-abi3-musllinux_1_2_x86_64.whl", hash = "sha256:3ed6bcd7021fe55832f95b8ef78dd01a4cb21faf3cd71f1e1bf4f20bf100b278", size = 37430809, upload-time = "2026-04-18T17:12:04.231Z" },
]

[[package]]
name = "flatbuffers"
version = "25.12.19"
source = { registry = "https://pypi.org/simple" }
wheels = [
    { url = "https://files.pythonhosted.org/packages/e8/2d/d2a548598be01649e2d46231d151a6c56d10b964d94043a335ae56ea2d92/flatbuffers-25.12.19-py2.py3-none-any.whl", hash = "sha256:7634f50c427838bb021c2d66a3d1168e9d199b0607e6329399f04846d42e20b4", size = 26661, upload-time = "2025-12-19T23:16:13.622Z" },
]

[[package]]
name = "imageio"
version = "2.37.3"
source = { registry = "https://pypi.org/simple" }
dependencies = [
    { name = "numpy", marker = "platform_machine == 'x86_64' and sys_platform == 'linux'" },
    { name = "pillow", marker = "platform_machine == 'x86_64' and sys_platform == 'linux'" },
]
sdist = { url = "https://files.pythonhosted.org/packages/b1/84/93bcd1300216ea50811cee96873b84a1bebf8d0489ffaf7f2a3756bab866/imageio-2.37.3.tar.gz", hash = "sha256:bbb37efbfc4c400fcd534b367b91fcd66d5da639aaa138034431a1c5e0a41451", size = 389673, upload-time = "2026-03-09T11:31:12.573Z" }
wheels = [
    { url = "https://files.pythonhosted.org/packages/49/fa/391e437a34e55095173dca5f24070d89cbc233ff85bf1c29c93248c6588d/imageio-2.37.3-py3-none-any.whl", hash = "sha256:46f5bb8522cd421c0f5ae104d8268f569d856b29eb1a13b92829d1970f32c9f0", size = 317646, upload-time = "2026-03-09T11:31:10.771Z" },
]

[package.optional-dependencies]
ffmpeg = [
    { name = "imageio-ffmpeg", marker = "platform_machine == 'x86_64' and sys_platform == 'linux'" },
    { name = "psutil", marker = "platform_machine == 'x86_64' and sys_platform == 'linux'" },
]
pyav = [
    { name = "av", marker = "platform_machine == 'x86_64' and sys_platform == 'linux'" },
]

[[package]]
name = "imageio-ffmpeg"
version = "0.6.0"
source = { registry = "https://pypi.org/simple" }
sdist = { url = "https://files.pythonhosted.org/packages/44/bd/c3343c721f2a1b0c9fc71c1aebf1966a3b7f08c2eea8ed5437a2865611d6/imageio_ffmpeg-0.6.0.tar.gz", hash = "sha256:e2556bed8e005564a9f925bb7afa4002d82770d6b08825078b7697ab88ba1755", size = 25210, upload-time = "2025-01-16T21:34:32.747Z" }
wheels = [
    { url = "https://files.pythonhosted.org/packages/a0/2d/43c8522a2038e9d0e7dbdf3a61195ecc31ca576fb1527a528c877e87d973/imageio_ffmpeg-0.6.0-py3-none-manylinux2014_x86_64.whl", hash = "sha256:c7e46fcec401dd990405049d2e2f475e2b397779df2519b544b8aab515195282", size = 29498237, upload-time = "2025-01-16T21:34:13.726Z" },
]

[[package]]
name = "numpy"
version = "1.26.4"
source = { registry = "https://pypi.org/simple" }
sdist = { url = "https://files.pythonhosted.org/packages/65/6e/09db70a523a96d25e115e71cc56a6f9031e7b8cd166c1ac8438307c14058/numpy-1.26.4.tar.gz", hash = "sha256:2a02aba9ed12e4ac4eb3ea9421c420301a0c6460d9830d74a9df87efa4912010", size = 15786129, upload-time = "2024-02-06T00:26:44.495Z" }
wheels = [
    { url = "https://files.pythonhosted.org/packages/3a/d0/edc009c27b406c4f9cbc79274d6e46d634d139075492ad055e3d68445925/numpy-1.26.4-cp311-cp311-manylinux_2_17_x86_64.manylinux2014_x86_64.whl", hash = "sha256:666dbfb6ec68962c033a450943ded891bed2d54e6755e35e5835d63f4f6931d5", size = 18252005, upload-time = "2024-02-05T23:53:15.637Z" },
    { url = "https://files.pythonhosted.org/packages/df/a0/4e0f14d847cfc2a633a1c8621d00724f3206cfeddeb66d35698c4e2cf3d2/numpy-1.26.4-cp311-cp311-musllinux_1_1_x86_64.whl", hash = "sha256:60dedbb91afcbfdc9bc0b1f3f402804070deed7392c23eb7a7f07fa857868e8a", size = 18093567, upload-time = "2024-02-05T23:54:11.696Z" },
]

[[package]]
name = "onnxruntime"
version = "1.25.1"
source = { registry = "https://pypi.org/simple" }
dependencies = [
    { name = "flatbuffers", marker = "platform_machine == 'x86_64' and sys_platform == 'linux'" },
    { name = "numpy", marker = "platform_machine == 'x86_64' and sys_platform == 'linux'" },
    { name = "packaging", marker = "platform_machine == 'x86_64' and sys_platform == 'linux'" },
    { name = "protobuf", marker = "platform_machine == 'x86_64' and sys_platform == 'linux'" },
]
wheels = [
    { url = "https://files.pythonhosted.org/packages/b4/18/e3966c6035789a0b5b494ca0a9a5f331d57b5c15ae7795b9fffae2e277c5/onnxruntime-1.25.1-cp311-cp311-manylinux_2_27_x86_64.manylinux_2_28_x86_64.whl", hash = "sha256:79162f873cdfa38cfc8d53d59a8dc7a71a14074df3d565b2f8ce24289545ddc0", size = 18007288, upload-time = "2026-04-27T22:00:02.34Z" },
]

[[package]]
name = "onnxruntime-gpu"
version = "1.25.1"
source = { registry = "https://pypi.org/simple" }
dependencies = [
    { name = "flatbuffers", marker = "platform_machine == 'x86_64' and sys_platform == 'linux'" },
    { name = "numpy", marker = "platform_machine == 'x86_64' and sys_platform == 'linux'" },
    { name = "packaging", marker = "platform_machine == 'x86_64' and sys_platform == 'linux'" },
    { name = "protobuf", marker = "platform_machine == 'x86_64' and sys_platform == 'linux'" },
]
wheels = [
    { url = "https://files.pythonhosted.org/packages/bc/bb/d0aeb0910beee46d34568af9ba07d40bf9c5f94f188bf43c0ff47388f6de/onnxruntime_gpu-1.25.1-cp311-cp311-manylinux_2_27_x86_64.manylinux_2_28_x86_64.whl", hash = "sha256:fcdd93f7a74659e08137b5d9c705390e57b37ac86e6956ec0d7ccd81001afe0c", size = 271246304, upload-time = "2026-04-27T22:06:00.753Z" },
]

[[package]]
name = "opencv-contrib-python"
version = "4.11.0.86"
source = { registry = "https://pypi.org/simple" }
dependencies = [
    { name = "numpy", marker = "platform_machine == 'x86_64' and sys_platform == 'linux'" },
]
sdist = { url = "https://files.pythonhosted.org/packages/ef/51/3ceb85ecff5f26994b7aae2922b1aa38148dbfe88cab13d63bc6facbac88/opencv-contrib-python-4.11.0.86.tar.gz", hash = "sha256:4ff773dab44911da366b906621c9592d4eb96f6ad3777098933a23f064aab38e", size = 150559874, upload-time = "2025-01-16T13:53:08.425Z" }
wheels = [
    { url = "https://files.pythonhosted.org/packages/f7/13/756b13b8d5d417a0b4c3bf6ceafb59df0ed05cec7fedc2490bbbf5e60ebc/opencv_contrib_python-4.11.0.86-cp37-abi3-manylinux_2_17_x86_64.manylinux2014_x86_64.whl", hash = "sha256:c47c0ef1098461cdc6fa1cdce4c942b8ec974c87423f4b5951443d26bb9ae407", size = 69098423, upload-time = "2025-01-16T13:52:46.84Z" },
]

[[package]]
name = "opencv-python"
version = "4.11.0.86"
source = { registry = "https://pypi.org/simple" }
dependencies = [
    { name = "numpy", marker = "platform_machine == 'x86_64' and sys_platform == 'linux'" },
]
sdist = { url = "https://files.pythonhosted.org/packages/17/06/68c27a523103dad5837dc5b87e71285280c4f098c60e4fe8a8db6486ab09/opencv-python-4.11.0.86.tar.gz", hash = "sha256:03d60ccae62304860d232272e4a4fda93c39d595780cb40b161b310244b736a4", size = 95171956, upload-time = "2025-01-16T13:52:24.737Z" }
wheels = [
    { url = "https://files.pythonhosted.org/packages/2c/8b/90eb44a40476fa0e71e05a0283947cfd74a5d36121a11d926ad6f3193cc4/opencv_python-4.11.0.86-cp37-abi3-manylinux_2_17_x86_64.manylinux2014_x86_64.whl", hash = "sha256:6b02611523803495003bd87362db3e1d2a0454a6a63025dc6658a9830570aa0d", size = 62986597, upload-time = "2025-01-16T13:52:08.836Z" },
]

[[package]]
name = "packaging"
version = "26.2"
source = { registry = "https://pypi.org/simple" }
sdist = { url = "https://files.pythonhosted.org/packages/d7/f1/e7a6dd94a8d4a5626c03e4e99c87f241ba9e350cd9e6d75123f992427270/packaging-26.2.tar.gz", hash = "sha256:ff452ff5a3e828ce110190feff1178bb1f2ea2281fa2075aadb987c2fb221661", size = 228134, upload-time = "2026-04-24T20:15:23.917Z" }
wheels = [
    { url = "https://files.pythonhosted.org/packages/df/b2/87e62e8c3e2f4b32e5fe99e0b86d576da1312593b39f47d8ceef365e95ed/packaging-26.2-py3-none-any.whl", hash = "sha256:5fc45236b9446107ff2415ce77c807cee2862cb6fac22b8a73826d0693b0980e", size = 100195, upload-time = "2026-04-24T20:15:22.081Z" },
]

[[package]]
name = "pillow"
version = "12.2.0"
source = { registry = "https://pypi.org/simple" }
sdist = { url = "https://files.pythonhosted.org/packages/8c/21/c2bcdd5906101a30244eaffc1b6e6ce71a31bd0742a01eb89e660ebfac2d/pillow-12.2.0.tar.gz", hash = "sha256:a830b1a40919539d07806aa58e1b114df53ddd43213d9c8b75847eee6c0182b5", size = 46987819, upload-time = "2026-04-01T14:46:17.687Z" }
wheels = [
    { url = "https://files.pythonhosted.org/packages/d3/f1/00b7278c7dd52b17ad4329153748f87b6756ec195ff786c2bdf12518337d/pillow-12.2.0-cp311-cp311-manylinux2014_x86_64.manylinux_2_17_x86_64.whl", hash = "sha256:8bd7903a5f2a4545f6fd5935c90058b89d30045568985a71c79f5fd6edf9b91e", size = 8088188, upload-time = "2026-04-01T14:42:51.735Z" },
    { url = "https://files.pythonhosted.org/packages/e9/bd/e51a61b1054f09437acfbc2ff9106c30d1eb76bc1453d428399946781253/pillow-12.2.0-cp311-cp311-manylinux_2_27_x86_64.manylinux_2_28_x86_64.whl", hash = "sha256:e74473c875d78b8e9d5da2a70f7099549f9eb37ded4e2f6a463e60125bccd176", size = 7079655, upload-time = "2026-04-01T14:42:56.954Z" },
    { url = "https://files.pythonhosted.org/packages/7d/2e/9df2fc1e82097b1df3dce58dc43286aa01068e918c07574711fcc53e6fb4/pillow-12.2.0-cp311-cp311-musllinux_1_2_x86_64.whl", hash = "sha256:90e6f81de50ad6b534cab6e5aef77ff6e37722b2f5d908686f4a5c9eba17a909", size = 7203402, upload-time = "2026-04-01T14:43:02.664Z" },
    { url = "https://files.pythonhosted.org/packages/49/62/5b0ed78fce87346be7a5cfcfaaad91f6a1f98c26f86bdbafa2066c647ef6/pillow-12.2.0-pp311-pypy311_pp73-manylinux2014_x86_64.manylinux_2_17_x86_64.whl", hash = "sha256:0c838a5125cee37e68edec915651521191cef1e6aa336b855f495766e77a366e", size = 7032230, upload-time = "2026-04-01T14:46:03.874Z" },
    { url = "https://files.pythonhosted.org/packages/5e/8b/51b0eddcfa2180d60e41f06bd6d0a62202b20b59c68f5a132e615b75aecf/pillow-12.2.0-pp311-pypy311_pp73-manylinux_2_27_x86_64.manylinux_2_28_x86_64.whl", hash = "sha256:25373b66e0dd5905ed63fa3cae13c82fbddf3079f2c8bf15c6fb6a35586324c1", size = 6002215, upload-time = "2026-04-01T14:46:08.83Z" },
]

[[package]]
name = "protobuf"
version = "7.34.1"
source = { registry = "https://pypi.org/simple" }
sdist = { url = "https://files.pythonhosted.org/packages/6b/6b/a0e95cad1ad7cc3f2c6821fcab91671bd5b78bd42afb357bb4765f29bc41/protobuf-7.34.1.tar.gz", hash = "sha256:9ce42245e704cc5027be797c1db1eb93184d44d1cdd71811fb2d9b25ad541280", size = 454708, upload-time = "2026-03-20T17:34:47.036Z" }
wheels = [
    { url = "https://files.pythonhosted.org/packages/92/e8/d174c91fd48e50101943f042b09af9029064810b734e4160bbe282fa1caa/protobuf-7.34.1-cp310-abi3-manylinux2014_s390x.whl", hash = "sha256:403b093a6e28a960372b44e5eb081775c9b056e816a8029c61231743d63f881a", size = 340198, upload-time = "2026-03-20T17:34:39.871Z" },
    { url = "https://files.pythonhosted.org/packages/53/1b/3b431694a4dc6d37b9f653f0c64b0a0d9ec074ee810710c0c3da21d67ba7/protobuf-7.34.1-cp310-abi3-manylinux2014_x86_64.whl", hash = "sha256:8ff40ce8cd688f7265326b38d5a1bed9bfdf5e6723d49961432f83e21d5713e4", size = 324267, upload-time = "2026-03-20T17:34:41.1Z" },
    { url = "https://files.pythonhosted.org/packages/88/95/608f665226bca68b736b79e457fded9a2a38c4f4379a4a7614303d9db3bc/protobuf-7.34.1-py3-none-any.whl", hash = "sha256:bb3812cd53aefea2b028ef42bd780f5b96407247f20c6ef7c679807e9d188f11", size = 170715, upload-time = "2026-03-20T17:34:45.384Z" },
]

[[package]]
name = "psutil"
version = "7.2.2"
source = { registry = "https://pypi.org/simple" }
sdist = { url = "https://files.pythonhosted.org/packages/aa/c6/d1ddf4abb55e93cebc4f2ed8b5d6dbad109ecb8d63748dd2b20ab5e57ebe/psutil-7.2.2.tar.gz", hash = "sha256:0746f5f8d406af344fd547f1c8daa5f5c33dbc293bb8d6a16d80b4bb88f59372", size = 493740, upload-time = "2026-01-28T18:14:54.428Z" }
wheels = [
    { url = "https://files.pythonhosted.org/packages/b5/70/5d8df3b09e25bce090399cf48e452d25c935ab72dad19406c77f4e828045/psutil-7.2.2-cp36-abi3-manylinux2010_x86_64.manylinux_2_12_x86_64.manylinux_2_28_x86_64.whl", hash = "sha256:076a2d2f923fd4821644f5ba89f059523da90dc9014e85f8e45a5774ca5bc6f9", size = 155560, upload-time = "2026-01-28T18:15:25.976Z" },
    { url = "https://files.pythonhosted.org/packages/04/78/0acd37ca84ce3ddffaa92ef0f571e073faa6d8ff1f0559ab1272188ea2be/psutil-7.2.2-cp36-abi3-musllinux_1_2_x86_64.whl", hash = "sha256:b58fabe35e80b264a4e3bb23e6b96f9e45a3df7fb7eed419ac0e5947c61e47cc", size = 148266, upload-time = "2026-01-28T18:15:31.597Z" },
]

[[package]]
name = "pyyaml"
version = "6.0.3"
source = { registry = "https://pypi.org/simple" }
sdist = { url = "https://files.pythonhosted.org/packages/05/8e/961c0007c59b8dd7729d542c61a4d537767a59645b82a0b521206e1e25c2/pyyaml-6.0.3.tar.gz", hash = "sha256:d76623373421df22fb4cf8817020cbb7ef15c725b9d5e45f17e189bfc384190f", size = 130960, upload-time = "2025-09-25T21:33:16.546Z" }
wheels = [
    { url = "https://files.pythonhosted.org/packages/10/cb/16c3f2cf3266edd25aaa00d6c4350381c8b012ed6f5276675b9eba8d9ff4/pyyaml-6.0.3-cp311-cp311-manylinux2014_s390x.manylinux_2_17_s390x.manylinux_2_28_s390x.whl", hash = "sha256:850774a7879607d3a6f50d36d04f00ee69e7fc816450e5f7e58d7f17f1ae5c00", size = 882114, upload-time = "2025-09-25T21:32:03.376Z" },
    { url = "https://files.pythonhosted.org/packages/71/60/917329f640924b18ff085ab889a11c763e0b573da888e8404ff486657602/pyyaml-6.0.3-cp311-cp311-manylinux2014_x86_64.manylinux_2_17_x86_64.manylinux_2_28_x86_64.whl", hash = "sha256:b8bb0864c5a28024fac8a632c443c87c5aa6f215c0b126c449ae1a150412f31d", size = 806638, upload-time = "2025-09-25T21:32:04.553Z" },
    { url = "https://files.pythonhosted.org/packages/f2/6a/b627b4e0c1dd03718543519ffb2f1deea4a1e6d42fbab8021936a4d22589/pyyaml-6.0.3-cp311-cp311-musllinux_1_2_x86_64.whl", hash = "sha256:37503bfbfc9d2c40b344d06b2199cf0e96e97957ab1c1b546fd4f87e53e5d3e4", size = 794986, upload-time = "2025-09-25T21:32:07.367Z" },
]

[[package]]
name = "rtmlib"
version = "0.0.15"
source = { registry = "https://pypi.org/simple" }
dependencies = [
    { name = "numpy", marker = "platform_machine == 'x86_64' and sys_platform == 'linux'" },
    { name = "onnxruntime", marker = "platform_machine == 'x86_64' and sys_platform == 'linux'" },
    { name = "opencv-contrib-python", marker = "platform_machine == 'x86_64' and sys_platform == 'linux'" },
    { name = "opencv-python", marker = "platform_machine == 'x86_64' and sys_platform == 'linux'" },
    { name = "tqdm", marker = "platform_machine == 'x86_64' and sys_platform == 'linux'" },
]
sdist = { url = "https://files.pythonhosted.org/packages/22/7a/1e332aaeedb36bc4167f44069072c29972fa798d7a35154b77812265831d/rtmlib-0.0.15.tar.gz", hash = "sha256:b299c64547a6d230d4a278ceaec19d7abf155b39ca2c34bef207b1e585c33fae", size = 52557, upload-time = "2026-02-10T16:38:42.812Z" }
wheels = [
    { url = "https://files.pythonhosted.org/packages/c3/0b/dcd6075be148d9904e77712474afbf36724e483e4cf6bde405d06a89f859/rtmlib-0.0.15-py3-none-any.whl", hash = "sha256:d336dd3bb2286ac9d07c7c14f918cbeca73e1d5e48f6a98929576f931dd0248c", size = 61125, upload-time = "2026-02-10T16:38:38.528Z" },
]

[[package]]
name = "stage-01-extract-poses"
version = "0.1.0"
source = { virtual = "." }
dependencies = [
    { name = "imageio", extra = ["ffmpeg", "pyav"], marker = "platform_machine == 'x86_64' and sys_platform == 'linux'" },
    { name = "numpy", marker = "platform_machine == 'x86_64' and sys_platform == 'linux'" },
    { name = "onnxruntime-gpu", marker = "platform_machine == 'x86_64' and sys_platform == 'linux'" },
    { name = "pillow", marker = "platform_machine == 'x86_64' and sys_platform == 'linux'" },
    { name = "rtmlib", marker = "platform_machine == 'x86_64' and sys_platform == 'linux'" },
    { name = "video-pipeline-common", marker = "platform_machine == 'x86_64' and sys_platform == 'linux'" },
]

[package.metadata]
requires-dist = [
    { name = "imageio", extras = ["ffmpeg", "pyav"], specifier = ">=2.36.0" },
    { name = "numpy", specifier = ">=1.26,<2.0" },
    { name = "onnxruntime-gpu", specifier = ">=1.18" },
    { name = "pillow", specifier = ">=10.4.0" },
    { name = "rtmlib", specifier = ">=0.0.13" },
    { name = "video-pipeline-common", editable = "../../packages/common" },
]

[[package]]
name = "tqdm"
version = "4.67.3"
source = { registry = "https://pypi.org/simple" }
sdist = { url = "https://files.pythonhosted.org/packages/09/a9/6ba95a270c6f1fbcd8dac228323f2777d886cb206987444e4bce66338dd4/tqdm-4.67.3.tar.gz", hash = "sha256:7d825f03f89244ef73f1d4ce193cb1774a8179fd96f31d7e1dcde62092b960bb", size = 169598, upload-time = "2026-02-03T17:35:53.048Z" }
wheels = [
    { url = "https://files.pythonhosted.org/packages/16/e1/3079a9ff9b8e11b846c6ac5c8b5bfb7ff225eee721825310c91b3b50304f/tqdm-4.67.3-py3-none-any.whl", hash = "sha256:ee1e4c0e59148062281c49d80b25b67771a127c85fc9676d3be5f243206826bf", size = 78374, upload-time = "2026-02-03T17:35:50.982Z" },
]

[[package]]
name = "video-pipeline-common"
version = "0.1.0"
source = { editable = "../../packages/common" }
dependencies = [
    { name = "pyyaml", marker = "platform_machine == 'x86_64' and sys_platform == 'linux'" },
]

[package.metadata]
requires-dist = [{ name = "pyyaml", specifier = ">=6.0.2" }]
